
Microsoft Visual Studio Solution File, Format Version 12.00
# Visual Studio Version 17
VisualStudioVersion = 17.9.34616.47
MinimumVisualStudioVersion = 10.0.40219.1
Project("{9A19103F-16F7-4668-BE54-9A1E7A4F7556}") = "TableReader.SpecCheck.ClosedXML", "TableReader.SpecCheck.ClosedXML\TableReader.SpecCheck.ClosedXML.csproj", "{A6EA8E83-7300-4E64-99E7-5E643C6C9EC8}"
EndProject
Project("{FAE04EC0-301F-11D3-BF4B-00C04F79EFBC}") = "TableReader.SpecCheck.ExcelDataReader", "TableReader.SpecCheck.ExcelDataReader\TableReader.SpecCheck.ExcelDataReader.csproj", "{FFEBCE51-EDBB-4EF0-AD4C-D04E0EC4415C}"
EndProject
Global
	GlobalSection(SolutionConfigurationPlatforms) = preSolution
		Debug|Any CPU = Debug|Any CPU
		Release|Any CPU = Release|Any CPU
	EndGlobalSection
	GlobalSection(ProjectConfigurationPlatforms) = postSolution
		{A6EA8E83-7300-4E64-99E7-5E643C6C9EC8}.Debug|Any CPU.ActiveCfg = Debug|Any CPU
		{A6EA8E83-7300-4E64-99E7-5E643C6C9EC8}.Debug|Any CPU.Build.0 = Debug|Any CPU
		{A6EA8E83-7300-4E64-99E7-5E643C6C9EC8}.Release|Any CPU.ActiveCfg = Release|Any CPU
		{A6EA8E83-7300-4E64-99E7-5E643C6C9EC8}.Release|Any CPU.Build.0 = Release|Any CPU
		{FFEBCE51-EDBB-4EF0-AD4C-D04E0EC4415C}.Debug|Any CPU.ActiveCfg = Debug|Any CPU
		{FFEBCE51-EDBB-4EF0-AD4C-D04E0EC4415C}.Debug|Any CPU.Build.0 = Debug|Any CPU
		{FFEBCE51-EDBB-4EF0-AD4C-D04E0EC4415C}.Release|Any CPU.ActiveCfg = Release|Any CPU
		{FFEBCE51-EDBB-4EF0-AD4C-D04E0EC4415C}.Release|Any CPU.Build.0 = Release|Any CPU
	EndGlobalSection
	GlobalSection(SolutionProperties) = preSolution
		HideSolutionNode = FALSE
	EndGlobalSection
	GlobalSection(ExtensibilityGlobals) = postSolution
		SolutionGuid = {370FED32-5492-43AA-A45B-01EE9BD113DF}
	EndGlobalSection
EndGlobal
