
Microsoft Visual Studio Solution File, Format Version 12.00
# Visual Studio Version 17
VisualStudioVersion = 17.9.34616.47
MinimumVisualStudioVersion = 10.0.40219.1
Project("{FAE04EC0-301F-11D3-BF4B-00C04F79EFBC}") = "TableReader", "TableReader\TableReader.csproj", "{54DA70A4-F349-4989-9F0A-8DA60B6EF97A}"
EndProject
Global
	GlobalSection(SolutionConfigurationPlatforms) = preSolution
		Debug|Any CPU = Debug|Any CPU
		Release|Any CPU = Release|Any CPU
	EndGlobalSection
	GlobalSection(ProjectConfigurationPlatforms) = postSolution
		{54DA70A4-F349-4989-9F0A-8DA60B6EF97A}.Debug|Any CPU.ActiveCfg = Debug|Any CPU
		{54DA70A4-F349-4989-9F0A-8DA60B6EF97A}.Debug|Any CPU.Build.0 = Debug|Any CPU
		{54DA70A4-F349-4989-9F0A-8DA60B6EF97A}.Release|Any CPU.ActiveCfg = Release|Any CPU
		{54DA70A4-F349-4989-9F0A-8DA60B6EF97A}.Release|Any CPU.Build.0 = Release|Any CPU
	EndGlobalSection
	GlobalSection(SolutionProperties) = preSolution
		HideSolutionNode = FALSE
	EndGlobalSection
	GlobalSection(ExtensibilityGlobals) = postSolution
		SolutionGuid = {535D8346-D0A4-4A6B-BC0A-D6078CC2DBFC}
	EndGlobalSection
EndGlobal
