
Microsoft Visual Studio Solution File, Format Version 12.00
# Visual Studio Version 16
VisualStudioVersion = 16.0.32802.440
MinimumVisualStudioVersion = 10.0.40219.1
Project("{FAE04EC0-301F-11D3-BF4B-00C04F79EFBC}") = "TableReader_CTest", "TableReader_CTest\TableReader_CTest.csproj", "{615FD29A-BD78-44A6-8030-F4C42B5AFDEE}"
EndProject
Global
	GlobalSection(SolutionConfigurationPlatforms) = preSolution
		Debug|Any CPU = Debug|Any CPU
		Release|Any CPU = Release|Any CPU
	EndGlobalSection
	GlobalSection(ProjectConfigurationPlatforms) = postSolution
		{615FD29A-BD78-44A6-8030-F4C42B5AFDEE}.Debug|Any CPU.ActiveCfg = Debug|Any CPU
		{615FD29A-BD78-44A6-8030-F4C42B5AFDEE}.Debug|Any CPU.Build.0 = Debug|Any CPU
		{615FD29A-BD78-44A6-8030-F4C42B5AFDEE}.Release|Any CPU.ActiveCfg = Release|Any CPU
		{615FD29A-BD78-44A6-8030-F4C42B5AFDEE}.Release|Any CPU.Build.0 = Release|Any CPU
	EndGlobalSection
	GlobalSection(SolutionProperties) = preSolution
		HideSolutionNode = FALSE
	EndGlobalSection
	GlobalSection(ExtensibilityGlobals) = postSolution
		SolutionGuid = {65BA93FD-7F02-4E1A-B3D8-2B2DE1B47BB1}
	EndGlobalSection
EndGlobal
